
Microsoft Visual Studio Solution File, Format Version 12.00
# Visual Studio Version 17
VisualStudioVersion = 17.8.34330.188
MinimumVisualStudioVersion = 10.0.40219.1
Project("{FAE04EC0-301F-11D3-BF4B-00C04F79EFBC}") = "finance_tracker", "finance_tracker\finance_tracker.csproj", "{043B5420-3C55-4A7D-A0B3-950AF5EAD05F}"
EndProject
Global
	GlobalSection(SolutionConfigurationPlatforms) = preSolution
		Debug|Any CPU = Debug|Any CPU
		Release|Any CPU = Release|Any CPU
	EndGlobalSection
	GlobalSection(ProjectConfigurationPlatforms) = postSolution
		{043B5420-3C55-4A7D-A0B3-950AF5EAD05F}.Debug|Any CPU.ActiveCfg = Debug|Any CPU
		{043B5420-3C55-4A7D-A0B3-950AF5EAD05F}.Debug|Any CPU.Build.0 = Debug|Any CPU
		{043B5420-3C55-4A7D-A0B3-950AF5EAD05F}.Release|Any CPU.ActiveCfg = Release|Any CPU
		{043B5420-3C55-4A7D-A0B3-950AF5EAD05F}.Release|Any CPU.Build.0 = Release|Any CPU
	EndGlobalSection
	GlobalSection(SolutionProperties) = preSolution
		HideSolutionNode = FALSE
	EndGlobalSection
	GlobalSection(ExtensibilityGlobals) = postSolution
		SolutionGuid = {34C22988-0BBB-458A-94CA-F0AF52B52C00}
	EndGlobalSection
EndGlobal
